// !$*UTF8*$!
{
	archiveVersion = 1;
	classes = {
	};
	objectVersion = 77;
	objects = {

/* Begin PBXBuildFile section */
		D3B977242E17DD6D00B048EC /* ContentView.swift in Sources */ = {isa = PBXBuildFile; fileRef = D3B977212E17DD6D00B048EC /* ContentView.swift */; };
		D3B977252E17DD6D00B048EC /* StringCalculatorTDDApp.swift in Sources */ = {isa = PBXBuildFile; fileRef = D3B977222E17DD6D00B048EC /* StringCalculatorTDDApp.swift */; };
		D3B977262E17DD6D00B048EC /* Assets.xcassets in Resources */ = {isa = PBXBuildFile; fileRef = D3B977202E17DD6D00B048EC /* Assets.xcassets */; };
		D3B977292E17DD7300B048EC /* StringCalculatorTDDTests.swift in Sources */ = {isa = PBXBuildFile; fileRef = D3B977272E17DD7300B048EC /* StringCalculatorTDDTests.swift */; };
		D3B9772D2E17DD7700B048EC /* StringCalculatorTDDUITests.swift in Sources */ = {isa = PBXBuildFile; fileRef = D3B9772A2E17DD7700B048EC /* StringCalculatorTDDUITests.swift */; };
		D3B9772E2E17DD7700B048EC /* StringCalculatorTDDUITestsLaunchTests.swift in Sources */ = {isa = PBXBuildFile; fileRef = D3B9772B2E17DD7700B048EC /* StringCalculatorTDDUITestsLaunchTests.swift */; };
		D3B977312E17DD8000B048EC /* StringCalculatorError.swift in Sources */ = {isa = PBXBuildFile; fileRef = D3B977302E17DD8000B048EC /* StringCalculatorError.swift */; };
		D3B977342E17EB7D00B048EC /* StringConstant.swift in Sources */ = {isa = PBXBuildFile; fileRef = D3B977332E17EB7700B048EC /* StringConstant.swift */; };
		D3B977372E17FEF400B048EC /* app-demo.png in Resources */ = {isa = PBXBuildFile; fileRef = D3B977362E17FEF400B048EC /* app-demo.png */; };
		D3B9773F2E17FF1200B048EC /* animation-middle.png in Resources */ = {isa = PBXBuildFile; fileRef = D3B977382E17FF1200B048EC /* animation-middle.png */; };
		D3B977402E17FF1200B048EC /* success-result.png in Resources */ = {isa = PBXBuildFile; fileRef = D3B9773D2E17FF1200B048EC /* success-result.png */; };
		D3B977412E17FF1200B048EC /* animation-start.png in Resources */ = {isa = PBXBuildFile; fileRef = D3B977392E17FF1200B048EC /* animation-start.png */; };
		D3B977432E17FF1200B048EC /* error-result.png in Resources */ = {isa = PBXBuildFile; fileRef = D3B9773B2E17FF1200B048EC /* error-result.png */; };
		D3B977442E17FF1200B048EC /* home-screen.png in Resources */ = {isa = PBXBuildFile; fileRef = D3B9773C2E17FF1200B048EC /* home-screen.png */; };
		D3B977452E17FF1200B048EC /* animation-end.png in Resources */ = {isa = PBXBuildFile; fileRef = D3B9773E2E17FF1200B048EC /* animation-end.png */; };
/* End PBXBuildFile section */

/* Begin PBXContainerItemProxy section */
		D3B977042E17D8E100B048EC /* PBXContainerItemProxy */ = {
			isa = PBXContainerItemProxy;
			containerPortal = D3B976EE2E17D8E000B048EC /* Project object */;
			proxyType = 1;
			remoteGlobalIDString = D3B976F52E17D8E000B048EC;
			remoteInfo = StringCalculatorTDD;
		};
		D3B9770E2E17D8E100B048EC /* PBXContainerItemProxy */ = {
			isa = PBXContainerItemProxy;
			containerPortal = D3B976EE2E17D8E000B048EC /* Project object */;
			proxyType = 1;
			remoteGlobalIDString = D3B976F52E17D8E000B048EC;
			remoteInfo = StringCalculatorTDD;
		};
/* End PBXContainerItemProxy section */

/* Begin PBXFileReference section */
		D3B976F62E17D8E000B048EC /* StringCalculatorTDD.app */ = {isa = PBXFileReference; explicitFileType = wrapper.application; includeInIndex = 0; path = StringCalculatorTDD.app; sourceTree = BUILT_PRODUCTS_DIR; };
		D3B977032E17D8E100B048EC /* StringCalculatorTDDTests.xctest */ = {isa = PBXFileReference; explicitFileType = wrapper.cfbundle; includeInIndex = 0; path = StringCalculatorTDDTests.xctest; sourceTree = BUILT_PRODUCTS_DIR; };
		D3B9770D2E17D8E100B048EC /* StringCalculatorTDDUITests.xctest */ = {isa = PBXFileReference; explicitFileType = wrapper.cfbundle; includeInIndex = 0; path = StringCalculatorTDDUITests.xctest; sourceTree = BUILT_PRODUCTS_DIR; };
		D3B977202E17DD6D00B048EC /* Assets.xcassets */ = {isa = PBXFileReference; lastKnownFileType = folder.assetcatalog; path = Assets.xcassets; sourceTree = "<group>"; };
		D3B977212E17DD6D00B048EC /* ContentView.swift */ = {isa = PBXFileReference; lastKnownFileType = sourcecode.swift; path = ContentView.swift; sourceTree = "<group>"; };
		D3B977222E17DD6D00B048EC /* StringCalculatorTDDApp.swift */ = {isa = PBXFileReference; lastKnownFileType = sourcecode.swift; path = StringCalculatorTDDApp.swift; sourceTree = "<group>"; };
		D3B977272E17DD7300B048EC /* StringCalculatorTDDTests.swift */ = {isa = PBXFileReference; lastKnownFileType = sourcecode.swift; path = StringCalculatorTDDTests.swift; sourceTree = "<group>"; };
		D3B9772A2E17DD7700B048EC /* StringCalculatorTDDUITests.swift */ = {isa = PBXFileReference; lastKnownFileType = sourcecode.swift; path = StringCalculatorTDDUITests.swift; sourceTree = "<group>"; };
		D3B9772B2E17DD7700B048EC /* StringCalculatorTDDUITestsLaunchTests.swift */ = {isa = PBXFileReference; lastKnownFileType = sourcecode.swift; path = StringCalculatorTDDUITestsLaunchTests.swift; sourceTree = "<group>"; };
		D3B977302E17DD8000B048EC /* StringCalculatorError.swift */ = {isa = PBXFileReference; lastKnownFileType = sourcecode.swift; path = StringCalculatorError.swift; sourceTree = "<group>"; };
		D3B977332E17EB7700B048EC /* StringConstant.swift */ = {isa = PBXFileReference; lastKnownFileType = sourcecode.swift; path = StringConstant.swift; sourceTree = "<group>"; };
		D3B977362E17FEF400B048EC /* app-demo.png */ = {isa = PBXFileReference; lastKnownFileType = image.png; path = "app-demo.png"; sourceTree = "<group>"; };
		D3B977382E17FF1200B048EC /* animation-middle.png */ = {isa = PBXFileReference; lastKnownFileType = image.png; path = "animation-middle.png"; sourceTree = "<group>"; };
		D3B977392E17FF1200B048EC /* animation-start.png */ = {isa = PBXFileReference; lastKnownFileType = image.png; path = "animation-start.png"; sourceTree = "<group>"; };
		D3B9773B2E17FF1200B048EC /* error-result.png */ = {isa = PBXFileReference; lastKnownFileType = image.png; path = "error-result.png"; sourceTree = "<group>"; };
		D3B9773C2E17FF1200B048EC /* home-screen.png */ = {isa = PBXFileReference; lastKnownFileType = image.png; path = "home-screen.png"; sourceTree = "<group>"; };
		D3B9773D2E17FF1200B048EC /* success-result.png */ = {isa = PBXFileReference; lastKnownFileType = image.png; path = "success-result.png"; sourceTree = "<group>"; };
		D3B9773E2E17FF1200B048EC /* animation-end.png */ = {isa = PBXFileReference; lastKnownFileType = image.png; path = "animation-end.png"; sourceTree = "<group>"; };
/* End PBXFileReference section */

/* Begin PBXFrameworksBuildPhase section */
		D3B976F32E17D8E000B048EC /* Frameworks */ = {
			isa = PBXFrameworksBuildPhase;
			buildActionMask = 2147483647;
			files = (
			);
			runOnlyForDeploymentPostprocessing = 0;
		};
		D3B977002E17D8E100B048EC /* Frameworks */ = {
			isa = PBXFrameworksBuildPhase;
			buildActionMask = 2147483647;
			files = (
			);
			runOnlyForDeploymentPostprocessing = 0;
		};
		D3B9770A2E17D8E100B048EC /* Frameworks */ = {
			isa = PBXFrameworksBuildPhase;
			buildActionMask = 2147483647;
			files = (
			);
			runOnlyForDeploymentPostprocessing = 0;
		};
/* End PBXFrameworksBuildPhase section */

/* Begin PBXGroup section */
		D3B976ED2E17D8E000B048EC = {
			isa = PBXGroup;
			children = (
				D3B977232E17DD6D00B048EC /* StringCalculatorTDD */,
				D3B977282E17DD7300B048EC /* StringCalculatorTDDTests */,
				D3B9772C2E17DD7700B048EC /* StringCalculatorTDDUITests */,
				D3B976F72E17D8E000B048EC /* Products */,
			);
			sourceTree = "<group>";
		};
		D3B976F72E17D8E000B048EC /* Products */ = {
			isa = PBXGroup;
			children = (
				D3B976F62E17D8E000B048EC /* StringCalculatorTDD.app */,
				D3B977032E17D8E100B048EC /* StringCalculatorTDDTests.xctest */,
				D3B9770D2E17D8E100B048EC /* StringCalculatorTDDUITests.xctest */,
			);
			name = Products;
			sourceTree = "<group>";
		};
		D3B977232E17DD6D00B048EC /* StringCalculatorTDD */ = {
			isa = PBXGroup;
			children = (
				D3B977352E17FCFF00B048EC /* assets */,
				D3B977202E17DD6D00B048EC /* Assets.xcassets */,
				D3B977212E17DD6D00B048EC /* ContentView.swift */,
				D3B977222E17DD6D00B048EC /* StringCalculatorTDDApp.swift */,
				D3B9772F2E17DD7A00B048EC /* Helper */,
			);
			path = StringCalculatorTDD;
			sourceTree = "<group>";
		};
		D3B977282E17DD7300B048EC /* StringCalculatorTDDTests */ = {
			isa = PBXGroup;
			children = (
				D3B977272E17DD7300B048EC /* StringCalculatorTDDTests.swift */,
			);
			path = StringCalculatorTDDTests;
			sourceTree = "<group>";
		};
		D3B9772C2E17DD7700B048EC /* StringCalculatorTDDUITests */ = {
			isa = PBXGroup;
			children = (
				D3B9772A2E17DD7700B048EC /* StringCalculatorTDDUITests.swift */,
				D3B9772B2E17DD7700B048EC /* StringCalculatorTDDUITestsLaunchTests.swift */,
			);
			path = StringCalculatorTDDUITests;
			sourceTree = "<group>";
		};
		D3B9772F2E17DD7A00B048EC /* Helper */ = {
			isa = PBXGroup;
			children = (
				D3B977332E17EB7700B048EC /* StringConstant.swift */,
				D3B977302E17DD8000B048EC /* StringCalculatorError.swift */,
			);
			path = Helper;
			sourceTree = "<group>";
		};
		D3B977352E17FCFF00B048EC /* assets */ = {
			isa = PBXGroup;
			children = (
				D3B977382E17FF1200B048EC /* animation-middle.png */,
				D3B977392E17FF1200B048EC /* animation-start.png */,
				D3B9773B2E17FF1200B048EC /* error-result.png */,
				D3B9773C2E17FF1200B048EC /* home-screen.png */,
				D3B9773D2E17FF1200B048EC /* success-result.png */,
				D3B9773E2E17FF1200B048EC /* animation-end.png */,
				D3B977362E17FEF400B048EC /* app-demo.png */,
			);
			path = assets;
			sourceTree = "<group>";
		};
/* End PBXGroup section */

/* Begin PBXNativeTarget section */
		D3B976F52E17D8E000B048EC /* StringCalculatorTDD */ = {
			isa = PBXNativeTarget;
			buildConfigurationList = D3B977172E17D8E100B048EC /* Build configuration list for PBXNativeTarget "StringCalculatorTDD" */;
			buildPhases = (
				D3B976F22E17D8E000B048EC /* Sources */,
				D3B976F32E17D8E000B048EC /* Frameworks */,
				D3B976F42E17D8E000B048EC /* Resources */,
			);
			buildRules = (
			);
			dependencies = (
			);
			name = StringCalculatorTDD;
			packageProductDependencies = (
			);
			productName = StringCalculatorTDD;
			productReference = D3B976F62E17D8E000B048EC /* StringCalculatorTDD.app */;
			productType = "com.apple.product-type.application";
		};
		D3B977022E17D8E100B048EC /* StringCalculatorTDDTests */ = {
			isa = PBXNativeTarget;
			buildConfigurationList = D3B9771A2E17D8E100B048EC /* Build configuration list for PBXNativeTarget "StringCalculatorTDDTests" */;
			buildPhases = (
				D3B976FF2E17D8E100B048EC /* Sources */,
				D3B977002E17D8E100B048EC /* Frameworks */,
				D3B977012E17D8E100B048EC /* Resources */,
			);
			buildRules = (
			);
			dependencies = (
				D3B977052E17D8E100B048EC /* PBXTargetDependency */,
			);
			name = StringCalculatorTDDTests;
			packageProductDependencies = (
			);
			productName = StringCalculatorTDDTests;
			productReference = D3B977032E17D8E100B048EC /* StringCalculatorTDDTests.xctest */;
			productType = "com.apple.product-type.bundle.unit-test";
		};
		D3B9770C2E17D8E100B048EC /* StringCalculatorTDDUITests */ = {
			isa = PBXNativeTarget;
			buildConfigurationList = D3B9771D2E17D8E100B048EC /* Build configuration list for PBXNativeTarget "StringCalculatorTDDUITests" */;
			buildPhases = (
				D3B977092E17D8E100B048EC /* Sources */,
				D3B9770A2E17D8E100B048EC /* Frameworks */,
				D3B9770B2E17D8E100B048EC /* Resources */,
			);
			buildRules = (
			);
			dependencies = (
				D3B9770F2E17D8E100B048EC /* PBXTargetDependency */,
			);
			name = StringCalculatorTDDUITests;
			packageProductDependencies = (
			);
			productName = StringCalculatorTDDUITests;
			productReference = D3B9770D2E17D8E100B048EC /* StringCalculatorTDDUITests.xctest */;
			productType = "com.apple.product-type.bundle.ui-testing";
		};
/* End PBXNativeTarget section */

/* Begin PBXProject section */
		D3B976EE2E17D8E000B048EC /* Project object */ = {
			isa = PBXProject;
			attributes = {
				BuildIndependentTargetsInParallel = 1;
				LastSwiftUpdateCheck = 1640;
				LastUpgradeCheck = 1640;
				TargetAttributes = {
					D3B976F52E17D8E000B048EC = {
						CreatedOnToolsVersion = 16.4;
					};
					D3B977022E17D8E100B048EC = {
						CreatedOnToolsVersion = 16.4;
						TestTargetID = D3B976F52E17D8E000B048EC;
					};
					D3B9770C2E17D8E100B048EC = {
						CreatedOnToolsVersion = 16.4;
						TestTargetID = D3B976F52E17D8E000B048EC;
					};
				};
			};
			buildConfigurationList = D3B976F12E17D8E000B048EC /* Build configuration list for PBXProject "StringCalculatorTDD" */;
			developmentRegion = en;
			hasScannedForEncodings = 0;
			knownRegions = (
				en,
				Base,
			);
			mainGroup = D3B976ED2E17D8E000B048EC;
			minimizedProjectReferenceProxies = 1;
			preferredProjectObjectVersion = 77;
			productRefGroup = D3B976F72E17D8E000B048EC /* Products */;
			projectDirPath = "";
			projectRoot = "";
			targets = (
				D3B976F52E17D8E000B048EC /* StringCalculatorTDD */,
				D3B977022E17D8E100B048EC /* StringCalculatorTDDTests */,
				D3B9770C2E17D8E100B048EC /* StringCalculatorTDDUITests */,
			);
		};
/* End PBXProject section */

/* Begin PBXResourcesBuildPhase section */
		D3B976F42E17D8E000B048EC /* Resources */ = {
			isa = PBXResourcesBuildPhase;
			buildActionMask = 2147483647;
			files = (
				D3B9773F2E17FF1200B048EC /* animation-middle.png in Resources */,
				D3B977402E17FF1200B048EC /* success-result.png in Resources */,
				D3B977412E17FF1200B048EC /* animation-start.png in Resources */,
				D3B977432E17FF1200B048EC /* error-result.png in Resources */,
				D3B977442E17FF1200B048EC /* home-screen.png in Resources */,
				D3B977452E17FF1200B048EC /* animation-end.png in Resources */,
				D3B977372E17FEF400B048EC /* app-demo.png in Resources */,
				D3B977262E17DD6D00B048EC /* Assets.xcassets in Resources */,
			);
			runOnlyForDeploymentPostprocessing = 0;
		};
		D3B977012E17D8E100B048EC /* Resources */ = {
			isa = PBXResourcesBuildPhase;
			buildActionMask = 2147483647;
			files = (
			);
			runOnlyForDeploymentPostprocessing = 0;
		};
		D3B9770B2E17D8E100B048EC /* Resources */ = {
			isa = PBXResourcesBuildPhase;
			buildActionMask = 2147483647;
			files = (
			);
			runOnlyForDeploymentPostprocessing = 0;
		};
/* End PBXResourcesBuildPhase section */

/* Begin PBXSourcesBuildPhase section */
		D3B976F22E17D8E000B048EC /* Sources */ = {
			isa = PBXSourcesBuildPhase;
			buildActionMask = 2147483647;
			files = (
				D3B977342E17EB7D00B048EC /* StringConstant.swift in Sources */,
				D3B977242E17DD6D00B048EC /* ContentView.swift in Sources */,
				D3B977252E17DD6D00B048EC /* StringCalculatorTDDApp.swift in Sources */,
				D3B977312E17DD8000B048EC /* StringCalculatorError.swift in Sources */,
			);
			runOnlyForDeploymentPostprocessing = 0;
		};
		D3B976FF2E17D8E100B048EC /* Sources */ = {
			isa = PBXSourcesBuildPhase;
			buildActionMask = 2147483647;
			files = (
				D3B977292E17DD7300B048EC /* StringCalculatorTDDTests.swift in Sources */,
			);
			runOnlyForDeploymentPostprocessing = 0;
		};
		D3B977092E17D8E100B048EC /* Sources */ = {
			isa = PBXSourcesBuildPhase;
			buildActionMask = 2147483647;
			files = (
				D3B9772D2E17DD7700B048EC /* StringCalculatorTDDUITests.swift in Sources */,
				D3B9772E2E17DD7700B048EC /* StringCalculatorTDDUITestsLaunchTests.swift in Sources */,
			);
			runOnlyForDeploymentPostprocessing = 0;
		};
/* End PBXSourcesBuildPhase section */

/* Begin PBXTargetDependency section */
		D3B977052E17D8E100B048EC /* PBXTargetDependency */ = {
			isa = PBXTargetDependency;
			target = D3B976F52E17D8E000B048EC /* StringCalculatorTDD */;
			targetProxy = D3B977042E17D8E100B048EC /* PBXContainerItemProxy */;
		};
		D3B9770F2E17D8E100B048EC /* PBXTargetDependency */ = {
			isa = PBXTargetDependency;
			target = D3B976F52E17D8E000B048EC /* StringCalculatorTDD */;
			targetProxy = D3B9770E2E17D8E100B048EC /* PBXContainerItemProxy */;
		};
/* End PBXTargetDependency section */

/* Begin XCBuildConfiguration section */
		D3B977152E17D8E100B048EC /* Debug */ = {
			isa = XCBuildConfiguration;
			buildSettings = {
				ALWAYS_SEARCH_USER_PATHS = NO;
				ASSETCATALOG_COMPILER_GENERATE_SWIFT_ASSET_SYMBOL_EXTENSIONS = YES;
				CLANG_ANALYZER_NONNULL = YES;
				CLANG_ANALYZER_NUMBER_OBJECT_CONVERSION = YES_AGGRESSIVE;
				CLANG_CXX_LANGUAGE_STANDARD = "gnu++20";
				CLANG_ENABLE_MODULES = YES;
				CLANG_ENABLE_OBJC_ARC = YES;
				CLANG_ENABLE_OBJC_WEAK = YES;
				CLANG_WARN_BLOCK_CAPTURE_AUTORELEASING = YES;
				CLANG_WARN_BOOL_CONVERSION = YES;
				CLANG_WARN_COMMA = YES;
				CLANG_WARN_CONSTANT_CONVERSION = YES;
				CLANG_WARN_DEPRECATED_OBJC_IMPLEMENTATIONS = YES;
				CLANG_WARN_DIRECT_OBJC_ISA_USAGE = YES_ERROR;
				CLANG_WARN_DOCUMENTATION_COMMENTS = YES;
				CLANG_WARN_EMPTY_BODY = YES;
				CLANG_WARN_ENUM_CONVERSION = YES;
				CLANG_WARN_INFINITE_RECURSION = YES;
				CLANG_WARN_INT_CONVERSION = YES;
				CLANG_WARN_NON_LITERAL_NULL_CONVERSION = YES;
				CLANG_WARN_OBJC_IMPLICIT_RETAIN_SELF = YES;
				CLANG_WARN_OBJC_LITERAL_CONVERSION = YES;
				CLANG_WARN_OBJC_ROOT_CLASS = YES_ERROR;
				CLANG_WARN_QUOTED_INCLUDE_IN_FRAMEWORK_HEADER = YES;
				CLANG_WARN_RANGE_LOOP_ANALYSIS = YES;
				CLANG_WARN_STRICT_PROTOTYPES = YES;
				CLANG_WARN_SUSPICIOUS_MOVE = YES;
				CLANG_WARN_UNGUARDED_AVAILABILITY = YES_AGGRESSIVE;
				CLANG_WARN_UNREACHABLE_CODE = YES;
				CLANG_WARN__DUPLICATE_METHOD_MATCH = YES;
				COPY_PHASE_STRIP = NO;
				DEBUG_INFORMATION_FORMAT = dwarf;
				ENABLE_STRICT_OBJC_MSGSEND = YES;
				ENABLE_TESTABILITY = YES;
				ENABLE_USER_SCRIPT_SANDBOXING = YES;
				GCC_C_LANGUAGE_STANDARD = gnu17;
				GCC_DYNAMIC_NO_PIC = NO;
				GCC_NO_COMMON_BLOCKS = YES;
				GCC_OPTIMIZATION_LEVEL = 0;
				GCC_PREPROCESSOR_DEFINITIONS = (
					"DEBUG=1",
					"$(inherited)",
				);
				GCC_WARN_64_TO_32_BIT_CONVERSION = YES;
				GCC_WARN_ABOUT_RETURN_TYPE = YES_ERROR;
				GCC_WARN_UNDECLARED_SELECTOR = YES;
				GCC_WARN_UNINITIALIZED_AUTOS = YES_AGGRESSIVE;
				GCC_WARN_UNUSED_FUNCTION = YES;
				GCC_WARN_UNUSED_VARIABLE = YES;
				IPHONEOS_DEPLOYMENT_TARGET = 15.6;
				LOCALIZATION_PREFERS_STRING_CATALOGS = YES;
				MTL_ENABLE_DEBUG_INFO = INCLUDE_SOURCE;
				MTL_FAST_MATH = YES;
				ONLY_ACTIVE_ARCH = YES;
				SDKROOT = iphoneos;
				SWIFT_ACTIVE_COMPILATION_CONDITIONS = "DEBUG $(inherited)";
				SWIFT_OPTIMIZATION_LEVEL = "-Onone";
			};
			name = Debug;
		};
		D3B977162E17D8E100B048EC /* Release */ = {
			isa = XCBuildConfiguration;
			buildSettings = {
				ALWAYS_SEARCH_USER_PATHS = NO;
				ASSETCATALOG_COMPILER_GENERATE_SWIFT_ASSET_SYMBOL_EXTENSIONS = YES;
				CLANG_ANALYZER_NONNULL = YES;
				CLANG_ANALYZER_NUMBER_OBJECT_CONVERSION = YES_AGGRESSIVE;
				CLANG_CXX_LANGUAGE_STANDARD = "gnu++20";
				CLANG_ENABLE_MODULES = YES;
				CLANG_ENABLE_OBJC_ARC = YES;
				CLANG_ENABLE_OBJC_WEAK = YES;
				CLANG_WARN_BLOCK_CAPTURE_AUTORELEASING = YES;
				CLANG_WARN_BOOL_CONVERSION = YES;
				CLANG_WARN_COMMA = YES;
				CLANG_WARN_CONSTANT_CONVERSION = YES;
				CLANG_WARN_DEPRECATED_OBJC_IMPLEMENTATIONS = YES;
				CLANG_WARN_DIRECT_OBJC_ISA_USAGE = YES_ERROR;
				CLANG_WARN_DOCUMENTATION_COMMENTS = YES;
				CLANG_WARN_EMPTY_BODY = YES;
				CLANG_WARN_ENUM_CONVERSION = YES;
				CLANG_WARN_INFINITE_RECURSION = YES;
				CLANG_WARN_INT_CONVERSION = YES;
				CLANG_WARN_NON_LITERAL_NULL_CONVERSION = YES;
				CLANG_WARN_OBJC_IMPLICIT_RETAIN_SELF = YES;
				CLANG_WARN_OBJC_LITERAL_CONVERSION = YES;
				CLANG_WARN_OBJC_ROOT_CLASS = YES_ERROR;
				CLANG_WARN_QUOTED_INCLUDE_IN_FRAMEWORK_HEADER = YES;
				CLANG_WARN_RANGE_LOOP_ANALYSIS = YES;
				CLANG_WARN_STRICT_PROTOTYPES = YES;
				CLANG_WARN_SUSPICIOUS_MOVE = YES;
				CLANG_WARN_UNGUARDED_AVAILABILITY = YES_AGGRESSIVE;
				CLANG_WARN_UNREACHABLE_CODE = YES;
				CLANG_WARN__DUPLICATE_METHOD_MATCH = YES;
				COPY_PHASE_STRIP = NO;
				DEBUG_INFORMATION_FORMAT = "dwarf-with-dsym";
				ENABLE_NS_ASSERTIONS = NO;
				ENABLE_STRICT_OBJC_MSGSEND = YES;
				ENABLE_USER_SCRIPT_SANDBOXING = YES;
				GCC_C_LANGUAGE_STANDARD = gnu17;
				GCC_NO_COMMON_BLOCKS = YES;
				GCC_WARN_64_TO_32_BIT_CONVERSION = YES;
				GCC_WARN_ABOUT_RETURN_TYPE = YES_ERROR;
				GCC_WARN_UNDECLARED_SELECTOR = YES;
				GCC_WARN_UNINITIALIZED_AUTOS = YES_AGGRESSIVE;
				GCC_WARN_UNUSED_FUNCTION = YES;
				GCC_WARN_UNUSED_VARIABLE = YES;
				IPHONEOS_DEPLOYMENT_TARGET = 15.6;
				LOCALIZATION_PREFERS_STRING_CATALOGS = YES;
				MTL_ENABLE_DEBUG_INFO = NO;
				MTL_FAST_MATH = YES;
				SDKROOT = iphoneos;
				SWIFT_COMPILATION_MODE = wholemodule;
				VALIDATE_PRODUCT = YES;
			};
			name = Release;
		};
		D3B977182E17D8E100B048EC /* Debug */ = {
			isa = XCBuildConfiguration;
			buildSettings = {
				ASSETCATALOG_COMPILER_APPICON_NAME = AppIcon;
				ASSETCATALOG_COMPILER_GLOBAL_ACCENT_COLOR_NAME = AccentColor;
				CODE_SIGN_STYLE = Manual;
				CURRENT_PROJECT_VERSION = 1;
				DEVELOPMENT_TEAM = "";
				ENABLE_PREVIEWS = YES;
				GENERATE_INFOPLIST_FILE = YES;
				INFOPLIST_KEY_UIApplicationSceneManifest_Generation = YES;
				INFOPLIST_KEY_UIApplicationSupportsIndirectInputEvents = YES;
				INFOPLIST_KEY_UILaunchScreen_Generation = YES;
				INFOPLIST_KEY_UISupportedInterfaceOrientations_iPad = "UIInterfaceOrientationPortrait UIInterfaceOrientationPortraitUpsideDown UIInterfaceOrientationLandscapeLeft UIInterfaceOrientationLandscapeRight";
				INFOPLIST_KEY_UISupportedInterfaceOrientations_iPhone = "UIInterfaceOrientationPortrait UIInterfaceOrientationLandscapeLeft UIInterfaceOrientationLandscapeRight";
				LD_RUNPATH_SEARCH_PATHS = (
					"$(inherited)",
					"@executable_path/Frameworks",
				);
				MARKETING_VERSION = 1.0;
				PRODUCT_BUNDLE_IDENTIFIER = com.example.StringCalculatorTDD;
				PRODUCT_NAME = "$(TARGET_NAME)";
				PROVISIONING_PROFILE_SPECIFIER = "";
				SWIFT_EMIT_LOC_STRINGS = YES;
				SWIFT_VERSION = 5.0;
				TARGETED_DEVICE_FAMILY = "1,2";
			};
			name = Debug;
		};
		D3B977192E17D8E100B048EC /* Release */ = {
			isa = XCBuildConfiguration;
			buildSettings = {
				ASSETCATALOG_COMPILER_APPICON_NAME = AppIcon;
				ASSETCATALOG_COMPILER_GLOBAL_ACCENT_COLOR_NAME = AccentColor;
				CODE_SIGN_STYLE = Manual;
				CURRENT_PROJECT_VERSION = 1;
				DEVELOPMENT_TEAM = "";
				ENABLE_PREVIEWS = YES;
				GENERATE_INFOPLIST_FILE = YES;
				INFOPLIST_KEY_UIApplicationSceneManifest_Generation = YES;
				INFOPLIST_KEY_UIApplicationSupportsIndirectInputEvents = YES;
				INFOPLIST_KEY_UILaunchScreen_Generation = YES;
				INFOPLIST_KEY_UISupportedInterfaceOrientations_iPad = "UIInterfaceOrientationPortrait UIInterfaceOrientationPortraitUpsideDown UIInterfaceOrientationLandscapeLeft UIInterfaceOrientationLandscapeRight";
				INFOPLIST_KEY_UISupportedInterfaceOrientations_iPhone = "UIInterfaceOrientationPortrait UIInterfaceOrientationLandscapeLeft UIInterfaceOrientationLandscapeRight";
				LD_RUNPATH_SEARCH_PATHS = (
					"$(inherited)",
					"@executable_path/Frameworks",
				);
				MARKETING_VERSION = 1.0;
				PRODUCT_BUNDLE_IDENTIFIER = com.example.StringCalculatorTDD;
				PRODUCT_NAME = "$(TARGET_NAME)";
				PROVISIONING_PROFILE_SPECIFIER = "";
				SWIFT_EMIT_LOC_STRINGS = YES;
				SWIFT_VERSION = 5.0;
				TARGETED_DEVICE_FAMILY = "1,2";
			};
			name = Release;
		};
		D3B9771B2E17D8E100B048EC /* Debug */ = {
			isa = XCBuildConfiguration;
			buildSettings = {
				BUNDLE_LOADER = "$(TEST_HOST)";
				CODE_SIGN_STYLE = Automatic;
				CURRENT_PROJECT_VERSION = 1;
				GENERATE_INFOPLIST_FILE = YES;
				IPHONEOS_DEPLOYMENT_TARGET = 18.5;
				MARKETING_VERSION = 1.0;
				PRODUCT_BUNDLE_IDENTIFIER = com.example.StringCalculatorTDDTests;
				PRODUCT_NAME = "$(TARGET_NAME)";
				SWIFT_EMIT_LOC_STRINGS = NO;
				SWIFT_VERSION = 5.0;
				TARGETED_DEVICE_FAMILY = "1,2";
				TEST_HOST = "$(BUILT_PRODUCTS_DIR)/StringCalculatorTDD.app/$(BUNDLE_EXECUTABLE_FOLDER_PATH)/StringCalculatorTDD";
			};
			name = Debug;
		};
		D3B9771C2E17D8E100B048EC /* Release */ = {
			isa = XCBuildConfiguration;
			buildSettings = {
				BUNDLE_LOADER = "$(TEST_HOST)";
				CODE_SIGN_STYLE = Automatic;
				CURRENT_PROJECT_VERSION = 1;
				GENERATE_INFOPLIST_FILE = YES;
				IPHONEOS_DEPLOYMENT_TARGET = 18.5;
				MARKETING_VERSION = 1.0;
				PRODUCT_BUNDLE_IDENTIFIER = com.example.StringCalculatorTDDTests;
				PRODUCT_NAME = "$(TARGET_NAME)";
				SWIFT_EMIT_LOC_STRINGS = NO;
				SWIFT_VERSION = 5.0;
				TARGETED_DEVICE_FAMILY = "1,2";
				TEST_HOST = "$(BUILT_PRODUCTS_DIR)/StringCalculatorTDD.app/$(BUNDLE_EXECUTABLE_FOLDER_PATH)/StringCalculatorTDD";
			};
			name = Release;
		};
		D3B9771E2E17D8E100B048EC /* Debug */ = {
			isa = XCBuildConfiguration;
			buildSettings = {
				CODE_SIGN_STYLE = Automatic;
				CURRENT_PROJECT_VERSION = 1;
				GENERATE_INFOPLIST_FILE = YES;
				MARKETING_VERSION = 1.0;
				PRODUCT_BUNDLE_IDENTIFIER = com.example.StringCalculatorTDDUITests;
				PRODUCT_NAME = "$(TARGET_NAME)";
				SWIFT_EMIT_LOC_STRINGS = NO;
				SWIFT_VERSION = 5.0;
				TARGETED_DEVICE_FAMILY = "1,2";
				TEST_TARGET_NAME = StringCalculatorTDD;
			};
			name = Debug;
		};
		D3B9771F2E17D8E100B048EC /* Release */ = {
			isa = XCBuildConfiguration;
			buildSettings = {
				CODE_SIGN_STYLE = Automatic;
				CURRENT_PROJECT_VERSION = 1;
				GENERATE_INFOPLIST_FILE = YES;
				MARKETING_VERSION = 1.0;
				PRODUCT_BUNDLE_IDENTIFIER = com.example.StringCalculatorTDDUITests;
				PRODUCT_NAME = "$(TARGET_NAME)";
				SWIFT_EMIT_LOC_STRINGS = NO;
				SWIFT_VERSION = 5.0;
				TARGETED_DEVICE_FAMILY = "1,2";
				TEST_TARGET_NAME = StringCalculatorTDD;
			};
			name = Release;
		};
/* End XCBuildConfiguration section */

/* Begin XCConfigurationList section */
		D3B976F12E17D8E000B048EC /* Build configuration list for PBXProject "StringCalculatorTDD" */ = {
			isa = XCConfigurationList;
			buildConfigurations = (
				D3B977152E17D8E100B048EC /* Debug */,
				D3B977162E17D8E100B048EC /* Release */,
			);
			defaultConfigurationIsVisible = 0;
			defaultConfigurationName = Release;
		};
		D3B977172E17D8E100B048EC /* Build configuration list for PBXNativeTarget "StringCalculatorTDD" */ = {
			isa = XCConfigurationList;
			buildConfigurations = (
				D3B977182E17D8E100B048EC /* Debug */,
				D3B977192E17D8E100B048EC /* Release */,
			);
			defaultConfigurationIsVisible = 0;
			defaultConfigurationName = Release;
		};
		D3B9771A2E17D8E100B048EC /* Build configuration list for PBXNativeTarget "StringCalculatorTDDTests" */ = {
			isa = XCConfigurationList;
			buildConfigurations = (
				D3B9771B2E17D8E100B048EC /* Debug */,
				D3B9771C2E17D8E100B048EC /* Release */,
			);
			defaultConfigurationIsVisible = 0;
			defaultConfigurationName = Release;
		};
		D3B9771D2E17D8E100B048EC /* Build configuration list for PBXNativeTarget "StringCalculatorTDDUITests" */ = {
			isa = XCConfigurationList;
			buildConfigurations = (
				D3B9771E2E17D8E100B048EC /* Debug */,
				D3B9771F2E17D8E100B048EC /* Release */,
			);
			defaultConfigurationIsVisible = 0;
			defaultConfigurationName = Release;
		};
/* End XCConfigurationList section */
	};
	rootObject = D3B976EE2E17D8E000B048EC /* Project object */;
}
